
Microsoft Visual Studio Solution File, Format Version 12.00
# Visual Studio Version 16
VisualStudioVersion = 16.0.32510.428
MinimumVisualStudioVersion = 10.0.40219.1
Project("{FAE04EC0-301F-11D3-BF4B-00C04F79EFBC}") = "Jogo", "Jogo\Jogo.csproj", "{32940F04-7573-49BF-9F55-20421EC46BEF}"
EndProject
Global
	GlobalSection(SolutionConfigurationPlatforms) = preSolution
		Debug|Any CPU = Debug|Any CPU
		Release|Any CPU = Release|Any CPU
	EndGlobalSection
	GlobalSection(ProjectConfigurationPlatforms) = postSolution
		{32940F04-7573-49BF-9F55-20421EC46BEF}.Debug|Any CPU.ActiveCfg = Debug|Any CPU
		{32940F04-7573-49BF-9F55-20421EC46BEF}.Debug|Any CPU.Build.0 = Debug|Any CPU
		{32940F04-7573-49BF-9F55-20421EC46BEF}.Release|Any CPU.ActiveCfg = Release|Any CPU
		{32940F04-7573-49BF-9F55-20421EC46BEF}.Release|Any CPU.Build.0 = Release|Any CPU
	EndGlobalSection
	GlobalSection(SolutionProperties) = preSolution
		HideSolutionNode = FALSE
	EndGlobalSection
	GlobalSection(ExtensibilityGlobals) = postSolution
		SolutionGuid = {FCE03903-5044-4F02-AD96-E420510F26B7}
	EndGlobalSection
EndGlobal
